
Microsoft Visual Studio Solution File, Format Version 12.00
# Visual Studio 2012
Project("{8BC9CEB8-8B4A-11D0-8D11-00A0C91BC942}") = "Interface", "Interface\Interface.vcxproj", "{6800267E-7F33-4F15-A9EB-3BE716DCAC00}"
	ProjectSection(ProjectDependencies) = postProject
		{AF467E3D-0DF2-41B4-AD7A-9B2A7ADEF69A} = {AF467E3D-0DF2-41B4-AD7A-9B2A7ADEF69A}
		{59F4EBC2-AECE-4FC4-8321-F662D72D4734} = {59F4EBC2-AECE-4FC4-8321-F662D72D4734}
		{1966C7C9-10DF-49D2-BF6B-34C502CAFFC3} = {1966C7C9-10DF-49D2-BF6B-34C502CAFFC3}
	EndProjectSection
EndProject
Project("{8BC9CEB8-8B4A-11D0-8D11-00A0C91BC942}") = "ImageFeature", "ImageFeature\ImageFeature.vcxproj", "{1966C7C9-10DF-49D2-BF6B-34C502CAFFC3}"
EndProject
Project("{8BC9CEB8-8B4A-11D0-8D11-00A0C91BC942}") = "IndexBuilding", "IndexBuilding\IndexBuilding.vcxproj", "{AF467E3D-0DF2-41B4-AD7A-9B2A7ADEF69A}"
EndProject
Project("{8BC9CEB8-8B4A-11D0-8D11-00A0C91BC942}") = "ImageMatchAndExtract", "ImageMatchAndExtract\ImageMatchAndExtract.vcxproj", "{3CB1379B-3EFF-4016-A1B7-BB3BFFAD8A16}"
EndProject
Project("{8BC9CEB8-8B4A-11D0-8D11-00A0C91BC942}") = "Tools", "Tools\Tools.vcxproj", "{59F4EBC2-AECE-4FC4-8321-F662D72D4734}"
EndProject
Global
	GlobalSection(SolutionConfigurationPlatforms) = preSolution
		Debug|Win32 = Debug|Win32
		Debug|x64 = Debug|x64
		Release|Win32 = Release|Win32
		Release|x64 = Release|x64
	EndGlobalSection
	GlobalSection(ProjectConfigurationPlatforms) = postSolution
		{6800267E-7F33-4F15-A9EB-3BE716DCAC00}.Debug|Win32.ActiveCfg = Debug|Win32
		{6800267E-7F33-4F15-A9EB-3BE716DCAC00}.Debug|Win32.Build.0 = Debug|Win32
		{6800267E-7F33-4F15-A9EB-3BE716DCAC00}.Debug|x64.ActiveCfg = Debug|x64
		{6800267E-7F33-4F15-A9EB-3BE716DCAC00}.Debug|x64.Build.0 = Debug|x64
		{6800267E-7F33-4F15-A9EB-3BE716DCAC00}.Release|Win32.ActiveCfg = Release|Win32
		{6800267E-7F33-4F15-A9EB-3BE716DCAC00}.Release|Win32.Build.0 = Release|Win32
		{6800267E-7F33-4F15-A9EB-3BE716DCAC00}.Release|x64.ActiveCfg = Release|x64
		{6800267E-7F33-4F15-A9EB-3BE716DCAC00}.Release|x64.Build.0 = Release|x64
		{1966C7C9-10DF-49D2-BF6B-34C502CAFFC3}.Debug|Win32.ActiveCfg = Debug|Win32
		{1966C7C9-10DF-49D2-BF6B-34C502CAFFC3}.Debug|Win32.Build.0 = Debug|Win32
		{1966C7C9-10DF-49D2-BF6B-34C502CAFFC3}.Debug|x64.ActiveCfg = Debug|x64
		{1966C7C9-10DF-49D2-BF6B-34C502CAFFC3}.Debug|x64.Build.0 = Debug|x64
		{1966C7C9-10DF-49D2-BF6B-34C502CAFFC3}.Release|Win32.ActiveCfg = Release|Win32
		{1966C7C9-10DF-49D2-BF6B-34C502CAFFC3}.Release|Win32.Build.0 = Release|Win32
		{1966C7C9-10DF-49D2-BF6B-34C502CAFFC3}.Release|x64.ActiveCfg = Release|x64
		{1966C7C9-10DF-49D2-BF6B-34C502CAFFC3}.Release|x64.Build.0 = Release|x64
		{AF467E3D-0DF2-41B4-AD7A-9B2A7ADEF69A}.Debug|Win32.ActiveCfg = Debug|Win32
		{AF467E3D-0DF2-41B4-AD7A-9B2A7ADEF69A}.Debug|Win32.Build.0 = Debug|Win32
		{AF467E3D-0DF2-41B4-AD7A-9B2A7ADEF69A}.Debug|x64.ActiveCfg = Debug|x64
		{AF467E3D-0DF2-41B4-AD7A-9B2A7ADEF69A}.Debug|x64.Build.0 = Debug|x64
		{AF467E3D-0DF2-41B4-AD7A-9B2A7ADEF69A}.Release|Win32.ActiveCfg = Release|Win32
		{AF467E3D-0DF2-41B4-AD7A-9B2A7ADEF69A}.Release|Win32.Build.0 = Release|Win32
		{AF467E3D-0DF2-41B4-AD7A-9B2A7ADEF69A}.Release|x64.ActiveCfg = Release|x64
		{AF467E3D-0DF2-41B4-AD7A-9B2A7ADEF69A}.Release|x64.Build.0 = Release|x64
		{3CB1379B-3EFF-4016-A1B7-BB3BFFAD8A16}.Debug|Win32.ActiveCfg = Debug|Win32
		{3CB1379B-3EFF-4016-A1B7-BB3BFFAD8A16}.Debug|Win32.Build.0 = Debug|Win32
		{3CB1379B-3EFF-4016-A1B7-BB3BFFAD8A16}.Debug|x64.ActiveCfg = Debug|x64
		{3CB1379B-3EFF-4016-A1B7-BB3BFFAD8A16}.Debug|x64.Build.0 = Debug|x64
		{3CB1379B-3EFF-4016-A1B7-BB3BFFAD8A16}.Release|Win32.ActiveCfg = Release|Win32
		{3CB1379B-3EFF-4016-A1B7-BB3BFFAD8A16}.Release|Win32.Build.0 = Release|Win32
		{3CB1379B-3EFF-4016-A1B7-BB3BFFAD8A16}.Release|x64.ActiveCfg = Release|x64
		{3CB1379B-3EFF-4016-A1B7-BB3BFFAD8A16}.Release|x64.Build.0 = Release|x64
		{59F4EBC2-AECE-4FC4-8321-F662D72D4734}.Debug|Win32.ActiveCfg = Debug|Win32
		{59F4EBC2-AECE-4FC4-8321-F662D72D4734}.Debug|Win32.Build.0 = Debug|Win32
		{59F4EBC2-AECE-4FC4-8321-F662D72D4734}.Debug|x64.ActiveCfg = Debug|x64
		{59F4EBC2-AECE-4FC4-8321-F662D72D4734}.Debug|x64.Build.0 = Debug|x64
		{59F4EBC2-AECE-4FC4-8321-F662D72D4734}.Release|Win32.ActiveCfg = Release|Win32
		{59F4EBC2-AECE-4FC4-8321-F662D72D4734}.Release|Win32.Build.0 = Release|Win32
		{59F4EBC2-AECE-4FC4-8321-F662D72D4734}.Release|x64.ActiveCfg = Release|x64
		{59F4EBC2-AECE-4FC4-8321-F662D72D4734}.Release|x64.Build.0 = Release|x64
	EndGlobalSection
	GlobalSection(SolutionProperties) = preSolution
		HideSolutionNode = FALSE
	EndGlobalSection
EndGlobal
